
Microsoft Visual Studio Solution File, Format Version 12.00
# Visual Studio Version 17
VisualStudioVersion = 17.10.35004.147
MinimumVisualStudioVersion = 10.0.40219.1
Project("{FAE04EC0-301F-11D3-BF4B-00C04F79EFBC}") = "FieldEdge.Server", "FieldEdge.Server\FieldEdge.Server.csproj", "{5B8B3ED0-1305-4F4B-A41B-E1C6850078F0}"
EndProject
Project("{54A90642-561A-4BB1-A94E-469ADEE60C69}") = "fieldedge.client", "fieldedge.client\fieldedge.client.esproj", "{F865EC54-9F7B-41C2-92ED-66EBA4559506}"
EndProject
Global
	GlobalSection(SolutionConfigurationPlatforms) = preSolution
		Debug|Any CPU = Debug|Any CPU
		Release|Any CPU = Release|Any CPU
	EndGlobalSection
	GlobalSection(ProjectConfigurationPlatforms) = postSolution
		{5B8B3ED0-1305-4F4B-A41B-E1C6850078F0}.Debug|Any CPU.ActiveCfg = Debug|Any CPU
		{5B8B3ED0-1305-4F4B-A41B-E1C6850078F0}.Debug|Any CPU.Build.0 = Debug|Any CPU
		{5B8B3ED0-1305-4F4B-A41B-E1C6850078F0}.Release|Any CPU.ActiveCfg = Release|Any CPU
		{5B8B3ED0-1305-4F4B-A41B-E1C6850078F0}.Release|Any CPU.Build.0 = Release|Any CPU
		{F865EC54-9F7B-41C2-92ED-66EBA4559506}.Debug|Any CPU.ActiveCfg = Debug|Any CPU
		{F865EC54-9F7B-41C2-92ED-66EBA4559506}.Debug|Any CPU.Build.0 = Debug|Any CPU
		{F865EC54-9F7B-41C2-92ED-66EBA4559506}.Debug|Any CPU.Deploy.0 = Debug|Any CPU
		{F865EC54-9F7B-41C2-92ED-66EBA4559506}.Release|Any CPU.ActiveCfg = Release|Any CPU
		{F865EC54-9F7B-41C2-92ED-66EBA4559506}.Release|Any CPU.Build.0 = Release|Any CPU
		{F865EC54-9F7B-41C2-92ED-66EBA4559506}.Release|Any CPU.Deploy.0 = Release|Any CPU
	EndGlobalSection
	GlobalSection(SolutionProperties) = preSolution
		HideSolutionNode = FALSE
	EndGlobalSection
	GlobalSection(ExtensibilityGlobals) = postSolution
		SolutionGuid = {F7EC5A97-ABD1-4E1A-A167-B2BFCCFB4CCE}
	EndGlobalSection
EndGlobal
